{
  "name": "react-hooks",
  "version": "1.0.0",
  "lockfileVersion": 1,
  "requires": true,
  "dependencies": {
    "js-tokens": {
      "version": "4.0.0",
      "resolved": "https://na.artifactory.swg-devops.com:443/artifactory/api/npm/wcp-carbon-npm-virtual/js-tokens/-/js-tokens-4.0.0.tgz?dl=https%3A%2F%2Fregistry.npmjs.org%2Fjs-tokens%2F-%2Fjs-tokens-4.0.0.tgz",
      "integrity": "sha1-GSA/tZmR35jjoocFDUZHzerzJJk="
    },
    "loose-envify": {
      "version": "1.4.0",
      "resolved": "https://na.artifactory.swg-devops.com:443/artifactory/api/npm/wcp-carbon-npm-virtual/loose-envify/-/loose-envify-1.4.0.tgz?dl=https%3A%2F%2Fregistry.npmjs.org%2Floose-envify%2F-%2Floose-envify-1.4.0.tgz",
      "integrity": "sha1-ce5R+nvkyuwaY4OffmgtgTLTDK8=",
      "requires": {
        "js-tokens": "^3.0.0 || ^4.0.0"
      }
    },
    "object-assign": {
      "version": "4.1.1",
      "resolved": "https://na.artifactory.swg-devops.com:443/artifactory/api/npm/wcp-carbon-npm-virtual/object-assign/-/object-assign-4.1.1.tgz?dl=https%3A%2F%2Fregistry.npmjs.org%2Fobject-assign%2F-%2Fobject-assign-4.1.1.tgz",
      "integrity": "sha1-IQmtx5ZYh8/AXLvUQsrIv7s2CGM="
    },
    "prop-types": {
      "version": "15.7.2",
      "resolved": "https://na.artifactory.swg-devops.com:443/artifactory/api/npm/wcp-carbon-npm-virtual/prop-types/-/prop-types-15.7.2.tgz?dl=https%3A%2F%2Fregistry.npmjs.org%2Fprop-types%2F-%2Fprop-types-15.7.2.tgz",
      "integrity": "sha1-UsQedbjIfnK52TYOAga5ncv/psU=",
      "requires": {
        "loose-envify": "^1.4.0",
        "object-assign": "^4.1.1",
        "react-is": "^16.8.1"
      }
    },
    "react": {
      "version": "16.10.2",
      "resolved": "https://na.artifactory.swg-devops.com:443/artifactory/api/npm/wcp-carbon-npm-virtual/react/-/react-16.10.2.tgz?dl=https%3A%2F%2Fregistry.npmjs.org%2Freact%2F-%2Freact-16.10.2.tgz",
      "integrity": "sha1-pe3lzdXFNvdFFzyNpHvaZHl6TPA=",
      "requires": {
        "loose-envify": "^1.1.0",
        "object-assign": "^4.1.1",
        "prop-types": "^15.6.2"
      }
    },
    "react-is": {
      "version": "16.10.2",
      "resolved": "https://na.artifactory.swg-devops.com:443/artifactory/api/npm/wcp-carbon-npm-virtual/react-is/-/react-is-16.10.2.tgz?dl=https%3A%2F%2Fregistry.npmjs.org%2Freact-is%2F-%2Freact-is-16.10.2.tgz",
      "integrity": "sha1-mEEg/U0WgA6ac4IIqx+6Qi0jtas="
    }
  }
}
